// !$*UTF8*$!
{
	archiveVersion = 1;
	classes = {
	};
	objectVersion = 56;
	objects = {

/* Begin PBXBuildFile section */
		5C2835272A70FEF300F74EC2 /* AppDelegate.swift in Sources */ = {isa = PBXBuildFile; fileRef = 5C2835262A70FEF300F74EC2 /* AppDelegate.swift */; };
		5C2835292A70FEF300F74EC2 /* SceneDelegate.swift in Sources */ = {isa = PBXBuildFile; fileRef = 5C2835282A70FEF300F74EC2 /* SceneDelegate.swift */; };
		5C28352B2A70FEF300F74EC2 /* IndividualPlanVC.swift in Sources */ = {isa = PBXBuildFile; fileRef = 5C28352A2A70FEF300F74EC2 /* IndividualPlanVC.swift */; };
		5C2835302A70FEF500F74EC2 /* Assets.xcassets in Resources */ = {isa = PBXBuildFile; fileRef = 5C28352F2A70FEF500F74EC2 /* Assets.xcassets */; };
		5C2835332A70FEF500F74EC2 /* LaunchScreen.storyboard in Resources */ = {isa = PBXBuildFile; fileRef = 5C2835312A70FEF500F74EC2 /* LaunchScreen.storyboard */; };
		5C28353B2A70FFA800F74EC2 /* GenericVC.swift in Sources */ = {isa = PBXBuildFile; fileRef = 5C28353A2A70FFA800F74EC2 /* GenericVC.swift */; };
		5C28353D2A71002100F74EC2 /* IndividualPlanView.swift in Sources */ = {isa = PBXBuildFile; fileRef = 5C28353C2A71002100F74EC2 /* IndividualPlanView.swift */; };
		5C2835442A71024000F74EC2 /* Extensions.swift in Sources */ = {isa = PBXBuildFile; fileRef = 5C2835432A71024000F74EC2 /* Extensions.swift */; };
		5C2835462A71027100F74EC2 /* Constraints.swift in Sources */ = {isa = PBXBuildFile; fileRef = 5C2835452A71027100F74EC2 /* Constraints.swift */; };
		5C28354A2A7104D400F74EC2 /* SFConstants.swift in Sources */ = {isa = PBXBuildFile; fileRef = 5C2835492A7104D400F74EC2 /* SFConstants.swift */; };
		5C28354C2A71079700F74EC2 /* IndividualPlanModel.swift in Sources */ = {isa = PBXBuildFile; fileRef = 5C28354B2A71079700F74EC2 /* IndividualPlanModel.swift */; };
		5C28354E2A7117E100F74EC2 /* PlanData.swift in Sources */ = {isa = PBXBuildFile; fileRef = 5C28354D2A7117E100F74EC2 /* PlanData.swift */; };
/* End PBXBuildFile section */

/* Begin PBXFileReference section */
		5C2835232A70FEF300F74EC2 /* curs-test.app */ = {isa = PBXFileReference; explicitFileType = wrapper.application; includeInIndex = 0; path = "curs-test.app"; sourceTree = BUILT_PRODUCTS_DIR; };
		5C2835262A70FEF300F74EC2 /* AppDelegate.swift */ = {isa = PBXFileReference; lastKnownFileType = sourcecode.swift; path = AppDelegate.swift; sourceTree = "<group>"; };
		5C2835282A70FEF300F74EC2 /* SceneDelegate.swift */ = {isa = PBXFileReference; lastKnownFileType = sourcecode.swift; path = SceneDelegate.swift; sourceTree = "<group>"; };
		5C28352A2A70FEF300F74EC2 /* IndividualPlanVC.swift */ = {isa = PBXFileReference; lastKnownFileType = sourcecode.swift; path = IndividualPlanVC.swift; sourceTree = "<group>"; };
		5C28352F2A70FEF500F74EC2 /* Assets.xcassets */ = {isa = PBXFileReference; lastKnownFileType = folder.assetcatalog; path = Assets.xcassets; sourceTree = "<group>"; };
		5C2835322A70FEF500F74EC2 /* Base */ = {isa = PBXFileReference; lastKnownFileType = file.storyboard; name = Base; path = Base.lproj/LaunchScreen.storyboard; sourceTree = "<group>"; };
		5C2835342A70FEF500F74EC2 /* Info.plist */ = {isa = PBXFileReference; lastKnownFileType = text.plist.xml; path = Info.plist; sourceTree = "<group>"; };
		5C28353A2A70FFA800F74EC2 /* GenericVC.swift */ = {isa = PBXFileReference; lastKnownFileType = sourcecode.swift; path = GenericVC.swift; sourceTree = "<group>"; };
		5C28353C2A71002100F74EC2 /* IndividualPlanView.swift */ = {isa = PBXFileReference; lastKnownFileType = sourcecode.swift; path = IndividualPlanView.swift; sourceTree = "<group>"; };
		5C2835432A71024000F74EC2 /* Extensions.swift */ = {isa = PBXFileReference; lastKnownFileType = sourcecode.swift; path = Extensions.swift; sourceTree = "<group>"; };
		5C2835452A71027100F74EC2 /* Constraints.swift */ = {isa = PBXFileReference; lastKnownFileType = sourcecode.swift; path = Constraints.swift; sourceTree = "<group>"; };
		5C2835492A7104D400F74EC2 /* SFConstants.swift */ = {isa = PBXFileReference; lastKnownFileType = sourcecode.swift; path = SFConstants.swift; sourceTree = "<group>"; };
		5C28354B2A71079700F74EC2 /* IndividualPlanModel.swift */ = {isa = PBXFileReference; lastKnownFileType = sourcecode.swift; path = IndividualPlanModel.swift; sourceTree = "<group>"; };
		5C28354D2A7117E100F74EC2 /* PlanData.swift */ = {isa = PBXFileReference; lastKnownFileType = sourcecode.swift; path = PlanData.swift; sourceTree = "<group>"; };
/* End PBXFileReference section */

/* Begin PBXFrameworksBuildPhase section */
		5C2835202A70FEF300F74EC2 /* Frameworks */ = {
			isa = PBXFrameworksBuildPhase;
			buildActionMask = 2147483647;
			files = (
			);
			runOnlyForDeploymentPostprocessing = 0;
		};
/* End PBXFrameworksBuildPhase section */

/* Begin PBXGroup section */
		5C28351A2A70FEF300F74EC2 = {
			isa = PBXGroup;
			children = (
				5C2835252A70FEF300F74EC2 /* curs-test */,
				5C2835242A70FEF300F74EC2 /* Products */,
			);
			sourceTree = "<group>";
		};
		5C2835242A70FEF300F74EC2 /* Products */ = {
			isa = PBXGroup;
			children = (
				5C2835232A70FEF300F74EC2 /* curs-test.app */,
			);
			name = Products;
			sourceTree = "<group>";
		};
		5C2835252A70FEF300F74EC2 /* curs-test */ = {
			isa = PBXGroup;
			children = (
				5C2835482A7104C300F74EC2 /* Constants */,
				5C2835402A71007100F74EC2 /* Application */,
				5C28353F2A71005700F74EC2 /* IndividualPlan */,
				5C2835422A71008B00F74EC2 /* Helpers */,
				5C2835412A71008200F74EC2 /* Assets */,
				5C2835342A70FEF500F74EC2 /* Info.plist */,
			);
			path = "curs-test";
			sourceTree = "<group>";
		};
		5C28353F2A71005700F74EC2 /* IndividualPlan */ = {
			isa = PBXGroup;
			children = (
				5C28352A2A70FEF300F74EC2 /* IndividualPlanVC.swift */,
				5C28353C2A71002100F74EC2 /* IndividualPlanView.swift */,
				5C28354B2A71079700F74EC2 /* IndividualPlanModel.swift */,
				5C28354D2A7117E100F74EC2 /* PlanData.swift */,
			);
			path = IndividualPlan;
			sourceTree = "<group>";
		};
		5C2835402A71007100F74EC2 /* Application */ = {
			isa = PBXGroup;
			children = (
				5C2835262A70FEF300F74EC2 /* AppDelegate.swift */,
				5C2835282A70FEF300F74EC2 /* SceneDelegate.swift */,
				5C2835312A70FEF500F74EC2 /* LaunchScreen.storyboard */,
			);
			path = Application;
			sourceTree = "<group>";
		};
		5C2835412A71008200F74EC2 /* Assets */ = {
			isa = PBXGroup;
			children = (
				5C28352F2A70FEF500F74EC2 /* Assets.xcassets */,
			);
			path = Assets;
			sourceTree = "<group>";
		};
		5C2835422A71008B00F74EC2 /* Helpers */ = {
			isa = PBXGroup;
			children = (
				5C28353A2A70FFA800F74EC2 /* GenericVC.swift */,
				5C2835432A71024000F74EC2 /* Extensions.swift */,
				5C2835452A71027100F74EC2 /* Constraints.swift */,
			);
			path = Helpers;
			sourceTree = "<group>";
		};
		5C2835482A7104C300F74EC2 /* Constants */ = {
			isa = PBXGroup;
			children = (
				5C2835492A7104D400F74EC2 /* SFConstants.swift */,
			);
			path = Constants;
			sourceTree = "<group>";
		};
/* End PBXGroup section */

/* Begin PBXNativeTarget section */
		5C2835222A70FEF300F74EC2 /* curs-test */ = {
			isa = PBXNativeTarget;
			buildConfigurationList = 5C2835372A70FEF500F74EC2 /* Build configuration list for PBXNativeTarget "curs-test" */;
			buildPhases = (
				5C28351F2A70FEF300F74EC2 /* Sources */,
				5C2835202A70FEF300F74EC2 /* Frameworks */,
				5C2835212A70FEF300F74EC2 /* Resources */,
			);
			buildRules = (
			);
			dependencies = (
			);
			name = "curs-test";
			productName = "curs-test";
			productReference = 5C2835232A70FEF300F74EC2 /* curs-test.app */;
			productType = "com.apple.product-type.application";
		};
/* End PBXNativeTarget section */

/* Begin PBXProject section */
		5C28351B2A70FEF300F74EC2 /* Project object */ = {
			isa = PBXProject;
			attributes = {
				BuildIndependentTargetsInParallel = 1;
				LastSwiftUpdateCheck = 1420;
				LastUpgradeCheck = 1420;
				TargetAttributes = {
					5C2835222A70FEF300F74EC2 = {
						CreatedOnToolsVersion = 14.2;
					};
				};
			};
			buildConfigurationList = 5C28351E2A70FEF300F74EC2 /* Build configuration list for PBXProject "curs-test" */;
			compatibilityVersion = "Xcode 14.0";
			developmentRegion = en;
			hasScannedForEncodings = 0;
			knownRegions = (
				en,
				Base,
			);
			mainGroup = 5C28351A2A70FEF300F74EC2;
			productRefGroup = 5C2835242A70FEF300F74EC2 /* Products */;
			projectDirPath = "";
			projectRoot = "";
			targets = (
				5C2835222A70FEF300F74EC2 /* curs-test */,
			);
		};
/* End PBXProject section */

/* Begin PBXResourcesBuildPhase section */
		5C2835212A70FEF300F74EC2 /* Resources */ = {
			isa = PBXResourcesBuildPhase;
			buildActionMask = 2147483647;
			files = (
				5C2835332A70FEF500F74EC2 /* LaunchScreen.storyboard in Resources */,
				5C2835302A70FEF500F74EC2 /* Assets.xcassets in Resources */,
			);
			runOnlyForDeploymentPostprocessing = 0;
		};
/* End PBXResourcesBuildPhase section */

/* Begin PBXSourcesBuildPhase section */
		5C28351F2A70FEF300F74EC2 /* Sources */ = {
			isa = PBXSourcesBuildPhase;
			buildActionMask = 2147483647;
			files = (
				5C28353B2A70FFA800F74EC2 /* GenericVC.swift in Sources */,
				5C28354E2A7117E100F74EC2 /* PlanData.swift in Sources */,
				5C2835462A71027100F74EC2 /* Constraints.swift in Sources */,
				5C28354A2A7104D400F74EC2 /* SFConstants.swift in Sources */,
				5C2835442A71024000F74EC2 /* Extensions.swift in Sources */,
				5C28352B2A70FEF300F74EC2 /* IndividualPlanVC.swift in Sources */,
				5C2835272A70FEF300F74EC2 /* AppDelegate.swift in Sources */,
				5C2835292A70FEF300F74EC2 /* SceneDelegate.swift in Sources */,
				5C28354C2A71079700F74EC2 /* IndividualPlanModel.swift in Sources */,
				5C28353D2A71002100F74EC2 /* IndividualPlanView.swift in Sources */,
			);
			runOnlyForDeploymentPostprocessing = 0;
		};
/* End PBXSourcesBuildPhase section */

/* Begin PBXVariantGroup section */
		5C2835312A70FEF500F74EC2 /* LaunchScreen.storyboard */ = {
			isa = PBXVariantGroup;
			children = (
				5C2835322A70FEF500F74EC2 /* Base */,
			);
			name = LaunchScreen.storyboard;
			sourceTree = "<group>";
		};
/* End PBXVariantGroup section */

/* Begin XCBuildConfiguration section */
		5C2835352A70FEF500F74EC2 /* Debug */ = {
			isa = XCBuildConfiguration;
			buildSettings = {
				ALWAYS_SEARCH_USER_PATHS = NO;
				CLANG_ANALYZER_NONNULL = YES;
				CLANG_ANALYZER_NUMBER_OBJECT_CONVERSION = YES_AGGRESSIVE;
				CLANG_CXX_LANGUAGE_STANDARD = "gnu++20";
				CLANG_ENABLE_MODULES = YES;
				CLANG_ENABLE_OBJC_ARC = YES;
				CLANG_ENABLE_OBJC_WEAK = YES;
				CLANG_WARN_BLOCK_CAPTURE_AUTORELEASING = YES;
				CLANG_WARN_BOOL_CONVERSION = YES;
				CLANG_WARN_COMMA = YES;
				CLANG_WARN_CONSTANT_CONVERSION = YES;
				CLANG_WARN_DEPRECATED_OBJC_IMPLEMENTATIONS = YES;
				CLANG_WARN_DIRECT_OBJC_ISA_USAGE = YES_ERROR;
				CLANG_WARN_DOCUMENTATION_COMMENTS = YES;
				CLANG_WARN_EMPTY_BODY = YES;
				CLANG_WARN_ENUM_CONVERSION = YES;
				CLANG_WARN_INFINITE_RECURSION = YES;
				CLANG_WARN_INT_CONVERSION = YES;
				CLANG_WARN_NON_LITERAL_NULL_CONVERSION = YES;
				CLANG_WARN_OBJC_IMPLICIT_RETAIN_SELF = YES;
				CLANG_WARN_OBJC_LITERAL_CONVERSION = YES;
				CLANG_WARN_OBJC_ROOT_CLASS = YES_ERROR;
				CLANG_WARN_QUOTED_INCLUDE_IN_FRAMEWORK_HEADER = YES;
				CLANG_WARN_RANGE_LOOP_ANALYSIS = YES;
				CLANG_WARN_STRICT_PROTOTYPES = YES;
				CLANG_WARN_SUSPICIOUS_MOVE = YES;
				CLANG_WARN_UNGUARDED_AVAILABILITY = YES_AGGRESSIVE;
				CLANG_WARN_UNREACHABLE_CODE = YES;
				CLANG_WARN__DUPLICATE_METHOD_MATCH = YES;
				COPY_PHASE_STRIP = NO;
				DEBUG_INFORMATION_FORMAT = dwarf;
				ENABLE_STRICT_OBJC_MSGSEND = YES;
				ENABLE_TESTABILITY = YES;
				GCC_C_LANGUAGE_STANDARD = gnu11;
				GCC_DYNAMIC_NO_PIC = NO;
				GCC_NO_COMMON_BLOCKS = YES;
				GCC_OPTIMIZATION_LEVEL = 0;
				GCC_PREPROCESSOR_DEFINITIONS = (
					"DEBUG=1",
					"$(inherited)",
				);
				GCC_WARN_64_TO_32_BIT_CONVERSION = YES;
				GCC_WARN_ABOUT_RETURN_TYPE = YES_ERROR;
				GCC_WARN_UNDECLARED_SELECTOR = YES;
				GCC_WARN_UNINITIALIZED_AUTOS = YES_AGGRESSIVE;
				GCC_WARN_UNUSED_FUNCTION = YES;
				GCC_WARN_UNUSED_VARIABLE = YES;
				IPHONEOS_DEPLOYMENT_TARGET = 16.2;
				MTL_ENABLE_DEBUG_INFO = INCLUDE_SOURCE;
				MTL_FAST_MATH = YES;
				ONLY_ACTIVE_ARCH = YES;
				SDKROOT = iphoneos;
				SWIFT_ACTIVE_COMPILATION_CONDITIONS = DEBUG;
				SWIFT_OPTIMIZATION_LEVEL = "-Onone";
			};
			name = Debug;
		};
		5C2835362A70FEF500F74EC2 /* Release */ = {
			isa = XCBuildConfiguration;
			buildSettings = {
				ALWAYS_SEARCH_USER_PATHS = NO;
				CLANG_ANALYZER_NONNULL = YES;
				CLANG_ANALYZER_NUMBER_OBJECT_CONVERSION = YES_AGGRESSIVE;
				CLANG_CXX_LANGUAGE_STANDARD = "gnu++20";
				CLANG_ENABLE_MODULES = YES;
				CLANG_ENABLE_OBJC_ARC = YES;
				CLANG_ENABLE_OBJC_WEAK = YES;
				CLANG_WARN_BLOCK_CAPTURE_AUTORELEASING = YES;
				CLANG_WARN_BOOL_CONVERSION = YES;
				CLANG_WARN_COMMA = YES;
				CLANG_WARN_CONSTANT_CONVERSION = YES;
				CLANG_WARN_DEPRECATED_OBJC_IMPLEMENTATIONS = YES;
				CLANG_WARN_DIRECT_OBJC_ISA_USAGE = YES_ERROR;
				CLANG_WARN_DOCUMENTATION_COMMENTS = YES;
				CLANG_WARN_EMPTY_BODY = YES;
				CLANG_WARN_ENUM_CONVERSION = YES;
				CLANG_WARN_INFINITE_RECURSION = YES;
				CLANG_WARN_INT_CONVERSION = YES;
				CLANG_WARN_NON_LITERAL_NULL_CONVERSION = YES;
				CLANG_WARN_OBJC_IMPLICIT_RETAIN_SELF = YES;
				CLANG_WARN_OBJC_LITERAL_CONVERSION = YES;
				CLANG_WARN_OBJC_ROOT_CLASS = YES_ERROR;
				CLANG_WARN_QUOTED_INCLUDE_IN_FRAMEWORK_HEADER = YES;
				CLANG_WARN_RANGE_LOOP_ANALYSIS = YES;
				CLANG_WARN_STRICT_PROTOTYPES = YES;
				CLANG_WARN_SUSPICIOUS_MOVE = YES;
				CLANG_WARN_UNGUARDED_AVAILABILITY = YES_AGGRESSIVE;
				CLANG_WARN_UNREACHABLE_CODE = YES;
				CLANG_WARN__DUPLICATE_METHOD_MATCH = YES;
				COPY_PHASE_STRIP = NO;
				DEBUG_INFORMATION_FORMAT = "dwarf-with-dsym";
				ENABLE_NS_ASSERTIONS = NO;
				ENABLE_STRICT_OBJC_MSGSEND = YES;
				GCC_C_LANGUAGE_STANDARD = gnu11;
				GCC_NO_COMMON_BLOCKS = YES;
				GCC_WARN_64_TO_32_BIT_CONVERSION = YES;
				GCC_WARN_ABOUT_RETURN_TYPE = YES_ERROR;
				GCC_WARN_UNDECLARED_SELECTOR = YES;
				GCC_WARN_UNINITIALIZED_AUTOS = YES_AGGRESSIVE;
				GCC_WARN_UNUSED_FUNCTION = YES;
				GCC_WARN_UNUSED_VARIABLE = YES;
				IPHONEOS_DEPLOYMENT_TARGET = 16.2;
				MTL_ENABLE_DEBUG_INFO = NO;
				MTL_FAST_MATH = YES;
				SDKROOT = iphoneos;
				SWIFT_COMPILATION_MODE = wholemodule;
				SWIFT_OPTIMIZATION_LEVEL = "-O";
				VALIDATE_PRODUCT = YES;
			};
			name = Release;
		};
		5C2835382A70FEF500F74EC2 /* Debug */ = {
			isa = XCBuildConfiguration;
			buildSettings = {
				ASSETCATALOG_COMPILER_APPICON_NAME = AppIcon;
				ASSETCATALOG_COMPILER_GLOBAL_ACCENT_COLOR_NAME = AccentColor;
				CODE_SIGN_STYLE = Automatic;
				CURRENT_PROJECT_VERSION = 1;
				DEVELOPMENT_TEAM = AA27Q22GWM;
				GENERATE_INFOPLIST_FILE = YES;
				INFOPLIST_FILE = "curs-test/Info.plist";
				INFOPLIST_KEY_UIApplicationSupportsIndirectInputEvents = YES;
				INFOPLIST_KEY_UILaunchStoryboardName = LaunchScreen;
				INFOPLIST_KEY_UISupportedInterfaceOrientations = UIInterfaceOrientationPortrait;
				INFOPLIST_KEY_UISupportedInterfaceOrientations_iPad = "UIInterfaceOrientationLandscapeLeft UIInterfaceOrientationLandscapeRight UIInterfaceOrientationPortrait UIInterfaceOrientationPortraitUpsideDown";
				LD_RUNPATH_SEARCH_PATHS = (
					"$(inherited)",
					"@executable_path/Frameworks",
				);
				MARKETING_VERSION = 1.0;
				PRODUCT_BUNDLE_IDENTIFIER = "com.nouraleee.curs-test";
				PRODUCT_NAME = "$(TARGET_NAME)";
				SWIFT_EMIT_LOC_STRINGS = YES;
				SWIFT_VERSION = 5.0;
				TARGETED_DEVICE_FAMILY = "1,2";
			};
			name = Debug;
		};
		5C2835392A70FEF500F74EC2 /* Release */ = {
			isa = XCBuildConfiguration;
			buildSettings = {
				ASSETCATALOG_COMPILER_APPICON_NAME = AppIcon;
				ASSETCATALOG_COMPILER_GLOBAL_ACCENT_COLOR_NAME = AccentColor;
				CODE_SIGN_STYLE = Automatic;
				CURRENT_PROJECT_VERSION = 1;
				DEVELOPMENT_TEAM = AA27Q22GWM;
				GENERATE_INFOPLIST_FILE = YES;
				INFOPLIST_FILE = "curs-test/Info.plist";
				INFOPLIST_KEY_UIApplicationSupportsIndirectInputEvents = YES;
				INFOPLIST_KEY_UILaunchStoryboardName = LaunchScreen;
				INFOPLIST_KEY_UISupportedInterfaceOrientations = UIInterfaceOrientationPortrait;
				INFOPLIST_KEY_UISupportedInterfaceOrientations_iPad = "UIInterfaceOrientationLandscapeLeft UIInterfaceOrientationLandscapeRight UIInterfaceOrientationPortrait UIInterfaceOrientationPortraitUpsideDown";
				LD_RUNPATH_SEARCH_PATHS = (
					"$(inherited)",
					"@executable_path/Frameworks",
				);
				MARKETING_VERSION = 1.0;
				PRODUCT_BUNDLE_IDENTIFIER = "com.nouraleee.curs-test";
				PRODUCT_NAME = "$(TARGET_NAME)";
				SWIFT_EMIT_LOC_STRINGS = YES;
				SWIFT_VERSION = 5.0;
				TARGETED_DEVICE_FAMILY = "1,2";
			};
			name = Release;
		};
/* End XCBuildConfiguration section */

/* Begin XCConfigurationList section */
		5C28351E2A70FEF300F74EC2 /* Build configuration list for PBXProject "curs-test" */ = {
			isa = XCConfigurationList;
			buildConfigurations = (
				5C2835352A70FEF500F74EC2 /* Debug */,
				5C2835362A70FEF500F74EC2 /* Release */,
			);
			defaultConfigurationIsVisible = 0;
			defaultConfigurationName = Release;
		};
		5C2835372A70FEF500F74EC2 /* Build configuration list for PBXNativeTarget "curs-test" */ = {
			isa = XCConfigurationList;
			buildConfigurations = (
				5C2835382A70FEF500F74EC2 /* Debug */,
				5C2835392A70FEF500F74EC2 /* Release */,
			);
			defaultConfigurationIsVisible = 0;
			defaultConfigurationName = Release;
		};
/* End XCConfigurationList section */
	};
	rootObject = 5C28351B2A70FEF300F74EC2 /* Project object */;
}
